<?xml version="1.0" encoding="UTF-8"?>
<CONFIG>
  <ProjectOptions>
    <Version Value="9"/>
    <PathDelim Value="\"/>
    <General>
      <Flags>
        <MainUnitHasCreateFormStatements Value="False"/>
        <MainUnitHasTitleStatement Value="False"/>
      </Flags>
      <MainUnit Value="0"/>
      <Title Value="ngita"/>
      <UseAppBundle Value="False"/>
      <ResourceType Value="res"/>
    </General>
    <i18n>
      <EnableI18N LFM="False"/>
    </i18n>
    <VersionInfo>
      <StringTable ProductVersion=""/>
    </VersionInfo>
    <BuildModes Count="1" Active="Default">
      <Item1 Name="Default" Default="True"/>
    </BuildModes>
    <PublishOptions>
      <Version Value="2"/>
    </PublishOptions>
    <RunParams>
      <local>
        <FormatVersion Value="1"/>
      </local>
    </RunParams>
    <Units Count="8">
      <Unit0>
        <Filename Value="ngita.lpr"/>
        <IsPartOfProject Value="True"/>
        <IsVisibleTab Value="True"/>
        <CursorPos X="17" Y="50"/>
        <UsageCount Value="75"/>
        <Loaded Value="True"/>
      </Unit0>
      <Unit1>
        <Filename Value="nga.pas"/>
        <IsPartOfProject Value="True"/>
        <EditorIndex Value="1"/>
        <CursorPos X="35" Y="78"/>
        <UsageCount Value="75"/>
        <Loaded Value="True"/>
      </Unit1>
      <Unit2>
        <Filename Value="ngit.pas"/>
        <EditorIndex Value="-1"/>
        <TopLine Value="4"/>
        <CursorPos Y="30"/>
        <UsageCount Value="25"/>
      </Unit2>
      <Unit3>
        <Filename Value="ngura.pas"/>
        <IsPartOfProject Value="True"/>
        <EditorIndex Value="2"/>
        <CursorPos X="39" Y="18"/>
        <UsageCount Value="75"/>
        <Loaded Value="True"/>
      </Unit3>
      <Unit4>
        <Filename Value="termios.inc"/>
        <IsPartOfProject Value="True"/>
        <EditorIndex Value="5"/>
        <CursorPos X="18" Y="13"/>
        <UsageCount Value="48"/>
        <Loaded Value="True"/>
      </Unit4>
      <Unit5>
        <Filename Value="termioz.pas"/>
        <EditorIndex Value="-1"/>
        <CursorPos X="3" Y="25"/>
        <UsageCount Value="42"/>
      </Unit5>
      <Unit6>
        <Filename Value="vt100.pas"/>
        <IsPartOfProject Value="True"/>
        <EditorIndex Value="3"/>
        <UsageCount Value="22"/>
        <Loaded Value="True"/>
      </Unit6>
      <Unit7>
        <Filename Value="nga.inc"/>
        <IsPartOfProject Value="True"/>
        <EditorIndex Value="4"/>
        <CursorPos Y="10"/>
        <UsageCount Value="22"/>
        <Loaded Value="True"/>
      </Unit7>
    </Units>
    <JumpHistory Count="30" HistoryIndex="29">
      <Position1>
        <Filename Value="ngura.pas"/>
        <Caret Line="455" TopLine="430"/>
      </Position1>
      <Position2>
        <Filename Value="ngura.pas"/>
        <Caret Line="102" Column="2" TopLine="87"/>
      </Position2>
      <Position3>
        <Filename Value="ngura.pas"/>
        <Caret Line="43" Column="3" TopLine="26"/>
      </Position3>
      <Position4>
        <Filename Value="ngura.pas"/>
        <Caret Line="106" Column="3" TopLine="93"/>
      </Position4>
      <Position5>
        <Filename Value="ngura.pas"/>
        <Caret Line="42" Column="25" TopLine="29"/>
      </Position5>
      <Position6>
        <Filename Value="ngura.pas"/>
        <Caret Line="455"/>
      </Position6>
      <Position7>
        <Filename Value="ngura.pas"/>
        <Caret Line="455" TopLine="430"/>
      </Position7>
      <Position8>
        <Filename Value="ngura.pas"/>
        <Caret Line="98" Column="70" TopLine="85"/>
      </Position8>
      <Position9>
        <Filename Value="ngura.pas"/>
        <Caret Line="455" TopLine="430"/>
      </Position9>
      <Position10>
        <Filename Value="ngita.lpr"/>
        <Caret Line="9" Column="14"/>
      </Position10>
      <Position11>
        <Filename Value="ngita.lpr"/>
        <Caret Line="61" TopLine="36"/>
      </Position11>
      <Position12>
        <Filename Value="ngita.lpr"/>
        <Caret Line="25" TopLine="16"/>
      </Position12>
      <Position13>
        <Filename Value="ngura.pas"/>
        <Caret Line="88" TopLine="74"/>
      </Position13>
      <Position14>
        <Filename Value="ngita.lpr"/>
        <Caret Line="20" TopLine="7"/>
      </Position14>
      <Position15>
        <Filename Value="termios.inc"/>
        <Caret Line="113" TopLine="99"/>
      </Position15>
      <Position16>
        <Filename Value="termios.inc"/>
        <Caret Line="90" Column="13" TopLine="77"/>
      </Position16>
      <Position17>
        <Filename Value="termios.inc"/>
        <Caret Line="90" Column="13" TopLine="77"/>
      </Position17>
      <Position18>
        <Filename Value="termios.inc"/>
        <Caret Line="103" TopLine="77"/>
      </Position18>
      <Position19>
        <Filename Value="termios.inc"/>
        <Caret Line="90" Column="13" TopLine="77"/>
      </Position19>
      <Position20>
        <Filename Value="termios.inc"/>
        <Caret Line="112" Column="3" TopLine="100"/>
      </Position20>
      <Position21>
        <Filename Value="termios.inc"/>
        <Caret Line="90" Column="13" TopLine="77"/>
      </Position21>
      <Position22>
        <Filename Value="termios.inc"/>
        <Caret Line="2" Column="50"/>
      </Position22>
      <Position23>
        <Filename Value="nga.pas"/>
        <Caret Line="13" Column="12"/>
      </Position23>
      <Position24>
        <Filename Value="ngita.lpr"/>
        <Caret Line="17" TopLine="3"/>
      </Position24>
      <Position25>
        <Filename Value="nga.inc"/>
        <Caret Line="7"/>
      </Position25>
      <Position26>
        <Filename Value="ngura.pas"/>
        <Caret Line="36" TopLine="15"/>
      </Position26>
      <Position27>
        <Filename Value="ngura.pas"/>
        <Caret Line="20" TopLine="5"/>
      </Position27>
      <Position28>
        <Filename Value="ngura.pas"/>
        <Caret Line="21" TopLine="4"/>
      </Position28>
      <Position29>
        <Filename Value="ngita.lpr"/>
        <Caret Line="17"/>
      </Position29>
      <Position30>
        <Filename Value="ngita.lpr"/>
        <Caret Line="48" Column="44" TopLine="35"/>
      </Position30>
    </JumpHistory>
  </ProjectOptions>
  <CompilerOptions>
    <Version Value="11"/>
    <PathDelim Value="\"/>
    <Target>
      <Filename Value="ngita"/>
    </Target>
    <SearchPaths>
      <IncludeFiles Value="$(ProjOutDir)"/>
      <OtherUnitFiles Value="lib\$(TargetCPU)-$(TargetOS)"/>
      <UnitOutputDirectory Value="lib\$(TargetCPU)-$(TargetOS)"/>
    </SearchPaths>
    <CodeGeneration>
      <Optimizations>
        <OptimizationLevel Value="2"/>
      </Optimizations>
    </CodeGeneration>
    <Linking>
      <Debugging>
        <GenerateDebugInfo Value="False"/>
      </Debugging>
    </Linking>
    <Other>
      <CompilerMessages>
        <IgnoredMessages idx5061="True" idx5028="True"/>
      </CompilerMessages>
    </Other>
  </CompilerOptions>
  <Debugging>
    <Exceptions Count="3">
      <Item1>
        <Name Value="EAbort"/>
      </Item1>
      <Item2>
        <Name Value="ECodetoolError"/>
      </Item2>
      <Item3>
        <Name Value="EFOpenError"/>
      </Item3>
    </Exceptions>
  </Debugging>
</CONFIG>
